// !$*UTF8*$!
{
	archiveVersion = 1;
	classes = {
	};
	objectVersion = 46;
	objects = {

/* Begin PBXBuildFile section */
		D666CCF81C99B95200BE0E1D /* main.m in Sources */ = {isa = PBXBuildFile; fileRef = D666CCF71C99B95200BE0E1D /* main.m */; };
		D666CCFB1C99B95200BE0E1D /* AppDelegate.m in Sources */ = {isa = PBXBuildFile; fileRef = D666CCFA1C99B95200BE0E1D /* AppDelegate.m */; };
		D666CCFE1C99B95200BE0E1D /* MasterViewController.m in Sources */ = {isa = PBXBuildFile; fileRef = D666CCFD1C99B95200BE0E1D /* MasterViewController.m */; };
		D666CD011C99B95200BE0E1D /* DetailViewController.m in Sources */ = {isa = PBXBuildFile; fileRef = D666CD001C99B95200BE0E1D /* DetailViewController.m */; };
		D666CD041C99B95200BE0E1D /* Main.storyboard in Resources */ = {isa = PBXBuildFile; fileRef = D666CD021C99B95200BE0E1D /* Main.storyboard */; };
		D666CD061C99B95200BE0E1D /* Assets.xcassets in Resources */ = {isa = PBXBuildFile; fileRef = D666CD051C99B95200BE0E1D /* Assets.xcassets */; };
		D666CD091C99B95200BE0E1D /* LaunchScreen.storyboard in Resources */ = {isa = PBXBuildFile; fileRef = D666CD071C99B95200BE0E1D /* LaunchScreen.storyboard */; };
		D666CD121C99BD0C00BE0E1D /* PhotoModifier.m in Sources */ = {isa = PBXBuildFile; fileRef = D666CD111C99BD0C00BE0E1D /* PhotoModifier.m */; };
		D6E3F0761C9A74C20047462D /* sunli.jpeg in Resources */ = {isa = PBXBuildFile; fileRef = D6E3F0751C9A74C20047462D /* sunli.jpeg */; };
/* End PBXBuildFile section */

/* Begin PBXFileReference section */
		D666CCF31C99B95200BE0E1D /* CoreImageDemo.app */ = {isa = PBXFileReference; explicitFileType = wrapper.application; includeInIndex = 0; path = CoreImageDemo.app; sourceTree = BUILT_PRODUCTS_DIR; };
		D666CCF71C99B95200BE0E1D /* main.m */ = {isa = PBXFileReference; lastKnownFileType = sourcecode.c.objc; path = main.m; sourceTree = "<group>"; };
		D666CCF91C99B95200BE0E1D /* AppDelegate.h */ = {isa = PBXFileReference; lastKnownFileType = sourcecode.c.h; path = AppDelegate.h; sourceTree = "<group>"; };
		D666CCFA1C99B95200BE0E1D /* AppDelegate.m */ = {isa = PBXFileReference; lastKnownFileType = sourcecode.c.objc; path = AppDelegate.m; sourceTree = "<group>"; };
		D666CCFC1C99B95200BE0E1D /* MasterViewController.h */ = {isa = PBXFileReference; lastKnownFileType = sourcecode.c.h; path = MasterViewController.h; sourceTree = "<group>"; };
		D666CCFD1C99B95200BE0E1D /* MasterViewController.m */ = {isa = PBXFileReference; lastKnownFileType = sourcecode.c.objc; path = MasterViewController.m; sourceTree = "<group>"; };
		D666CCFF1C99B95200BE0E1D /* DetailViewController.h */ = {isa = PBXFileReference; lastKnownFileType = sourcecode.c.h; path = DetailViewController.h; sourceTree = "<group>"; };
		D666CD001C99B95200BE0E1D /* DetailViewController.m */ = {isa = PBXFileReference; lastKnownFileType = sourcecode.c.objc; path = DetailViewController.m; sourceTree = "<group>"; };
		D666CD031C99B95200BE0E1D /* Base */ = {isa = PBXFileReference; lastKnownFileType = file.storyboard; name = Base; path = Base.lproj/Main.storyboard; sourceTree = "<group>"; };
		D666CD051C99B95200BE0E1D /* Assets.xcassets */ = {isa = PBXFileReference; lastKnownFileType = folder.assetcatalog; path = Assets.xcassets; sourceTree = "<group>"; };
		D666CD081C99B95200BE0E1D /* Base */ = {isa = PBXFileReference; lastKnownFileType = file.storyboard; name = Base; path = Base.lproj/LaunchScreen.storyboard; sourceTree = "<group>"; };
		D666CD0A1C99B95200BE0E1D /* Info.plist */ = {isa = PBXFileReference; lastKnownFileType = text.plist.xml; path = Info.plist; sourceTree = "<group>"; };
		D666CD101C99BD0C00BE0E1D /* PhotoModifier.h */ = {isa = PBXFileReference; fileEncoding = 4; lastKnownFileType = sourcecode.c.h; path = PhotoModifier.h; sourceTree = "<group>"; };
		D666CD111C99BD0C00BE0E1D /* PhotoModifier.m */ = {isa = PBXFileReference; fileEncoding = 4; lastKnownFileType = sourcecode.c.objc; path = PhotoModifier.m; sourceTree = "<group>"; };
		D6E3F0751C9A74C20047462D /* sunli.jpeg */ = {isa = PBXFileReference; lastKnownFileType = image.jpeg; path = sunli.jpeg; sourceTree = "<group>"; };
/* End PBXFileReference section */

/* Begin PBXFrameworksBuildPhase section */
		D666CCF01C99B95200BE0E1D /* Frameworks */ = {
			isa = PBXFrameworksBuildPhase;
			buildActionMask = 2147483647;
			files = (
			);
			runOnlyForDeploymentPostprocessing = 0;
		};
/* End PBXFrameworksBuildPhase section */

/* Begin PBXGroup section */
		D666CCEA1C99B95200BE0E1D = {
			isa = PBXGroup;
			children = (
				D666CCF51C99B95200BE0E1D /* CoreImageDemo */,
				D666CCF41C99B95200BE0E1D /* Products */,
			);
			sourceTree = "<group>";
		};
		D666CCF41C99B95200BE0E1D /* Products */ = {
			isa = PBXGroup;
			children = (
				D666CCF31C99B95200BE0E1D /* CoreImageDemo.app */,
			);
			name = Products;
			sourceTree = "<group>";
		};
		D666CCF51C99B95200BE0E1D /* CoreImageDemo */ = {
			isa = PBXGroup;
			children = (
				D666CCF91C99B95200BE0E1D /* AppDelegate.h */,
				D666CCFA1C99B95200BE0E1D /* AppDelegate.m */,
				D666CCFC1C99B95200BE0E1D /* MasterViewController.h */,
				D666CCFD1C99B95200BE0E1D /* MasterViewController.m */,
				D666CCFF1C99B95200BE0E1D /* DetailViewController.h */,
				D666CD001C99B95200BE0E1D /* DetailViewController.m */,
				D666CD101C99BD0C00BE0E1D /* PhotoModifier.h */,
				D666CD111C99BD0C00BE0E1D /* PhotoModifier.m */,
				D666CD021C99B95200BE0E1D /* Main.storyboard */,
				D6E3F0751C9A74C20047462D /* sunli.jpeg */,
				D666CD051C99B95200BE0E1D /* Assets.xcassets */,
				D666CD071C99B95200BE0E1D /* LaunchScreen.storyboard */,
				D666CD0A1C99B95200BE0E1D /* Info.plist */,
				D666CCF61C99B95200BE0E1D /* Supporting Files */,
			);
			path = CoreImageDemo;
			sourceTree = "<group>";
		};
		D666CCF61C99B95200BE0E1D /* Supporting Files */ = {
			isa = PBXGroup;
			children = (
				D666CCF71C99B95200BE0E1D /* main.m */,
			);
			name = "Supporting Files";
			sourceTree = "<group>";
		};
/* End PBXGroup section */

/* Begin PBXNativeTarget section */
		D666CCF21C99B95200BE0E1D /* CoreImageDemo */ = {
			isa = PBXNativeTarget;
			buildConfigurationList = D666CD0D1C99B95200BE0E1D /* Build configuration list for PBXNativeTarget "CoreImageDemo" */;
			buildPhases = (
				D666CCEF1C99B95200BE0E1D /* Sources */,
				D666CCF01C99B95200BE0E1D /* Frameworks */,
				D666CCF11C99B95200BE0E1D /* Resources */,
			);
			buildRules = (
			);
			dependencies = (
			);
			name = CoreImageDemo;
			productName = CoreImageDemo;
			productReference = D666CCF31C99B95200BE0E1D /* CoreImageDemo.app */;
			productType = "com.apple.product-type.application";
		};
/* End PBXNativeTarget section */

/* Begin PBXProject section */
		D666CCEB1C99B95200BE0E1D /* Project object */ = {
			isa = PBXProject;
			attributes = {
				LastUpgradeCheck = 0720;
				ORGANIZATIONNAME = "鸥！陈凯";
				TargetAttributes = {
					D666CCF21C99B95200BE0E1D = {
						CreatedOnToolsVersion = 7.2.1;
					};
				};
			};
			buildConfigurationList = D666CCEE1C99B95200BE0E1D /* Build configuration list for PBXProject "CoreImageDemo" */;
			compatibilityVersion = "Xcode 3.2";
			developmentRegion = English;
			hasScannedForEncodings = 0;
			knownRegions = (
				en,
				Base,
			);
			mainGroup = D666CCEA1C99B95200BE0E1D;
			productRefGroup = D666CCF41C99B95200BE0E1D /* Products */;
			projectDirPath = "";
			projectRoot = "";
			targets = (
				D666CCF21C99B95200BE0E1D /* CoreImageDemo */,
			);
		};
/* End PBXProject section */

/* Begin PBXResourcesBuildPhase section */
		D666CCF11C99B95200BE0E1D /* Resources */ = {
			isa = PBXResourcesBuildPhase;
			buildActionMask = 2147483647;
			files = (
				D666CD091C99B95200BE0E1D /* LaunchScreen.storyboard in Resources */,
				D6E3F0761C9A74C20047462D /* sunli.jpeg in Resources */,
				D666CD061C99B95200BE0E1D /* Assets.xcassets in Resources */,
				D666CD041C99B95200BE0E1D /* Main.storyboard in Resources */,
			);
			runOnlyForDeploymentPostprocessing = 0;
		};
/* End PBXResourcesBuildPhase section */

/* Begin PBXSourcesBuildPhase section */
		D666CCEF1C99B95200BE0E1D /* Sources */ = {
			isa = PBXSourcesBuildPhase;
			buildActionMask = 2147483647;
			files = (
				D666CCFB1C99B95200BE0E1D /* AppDelegate.m in Sources */,
				D666CD121C99BD0C00BE0E1D /* PhotoModifier.m in Sources */,
				D666CCFE1C99B95200BE0E1D /* MasterViewController.m in Sources */,
				D666CCF81C99B95200BE0E1D /* main.m in Sources */,
				D666CD011C99B95200BE0E1D /* DetailViewController.m in Sources */,
			);
			runOnlyForDeploymentPostprocessing = 0;
		};
/* End PBXSourcesBuildPhase section */

/* Begin PBXVariantGroup section */
		D666CD021C99B95200BE0E1D /* Main.storyboard */ = {
			isa = PBXVariantGroup;
			children = (
				D666CD031C99B95200BE0E1D /* Base */,
			);
			name = Main.storyboard;
			sourceTree = "<group>";
		};
		D666CD071C99B95200BE0E1D /* LaunchScreen.storyboard */ = {
			isa = PBXVariantGroup;
			children = (
				D666CD081C99B95200BE0E1D /* Base */,
			);
			name = LaunchScreen.storyboard;
			sourceTree = "<group>";
		};
/* End PBXVariantGroup section */

/* Begin XCBuildConfiguration section */
		D666CD0B1C99B95200BE0E1D /* Debug */ = {
			isa = XCBuildConfiguration;
			buildSettings = {
				ALWAYS_SEARCH_USER_PATHS = NO;
				CLANG_CXX_LANGUAGE_STANDARD = "gnu++0x";
				CLANG_CXX_LIBRARY = "libc++";
				CLANG_ENABLE_MODULES = YES;
				CLANG_ENABLE_OBJC_ARC = YES;
				CLANG_WARN_BOOL_CONVERSION = YES;
				CLANG_WARN_CONSTANT_CONVERSION = YES;
				CLANG_WARN_DIRECT_OBJC_ISA_USAGE = YES_ERROR;
				CLANG_WARN_EMPTY_BODY = YES;
				CLANG_WARN_ENUM_CONVERSION = YES;
				CLANG_WARN_INT_CONVERSION = YES;
				CLANG_WARN_OBJC_ROOT_CLASS = YES_ERROR;
				CLANG_WARN_UNREACHABLE_CODE = YES;
				CLANG_WARN__DUPLICATE_METHOD_MATCH = YES;
				"CODE_SIGN_IDENTITY[sdk=iphoneos*]" = "iPhone Developer";
				COPY_PHASE_STRIP = NO;
				DEBUG_INFORMATION_FORMAT = dwarf;
				ENABLE_STRICT_OBJC_MSGSEND = YES;
				ENABLE_TESTABILITY = YES;
				GCC_C_LANGUAGE_STANDARD = gnu99;
				GCC_DYNAMIC_NO_PIC = NO;
				GCC_NO_COMMON_BLOCKS = YES;
				GCC_OPTIMIZATION_LEVEL = 0;
				GCC_PREPROCESSOR_DEFINITIONS = (
					"DEBUG=1",
					"$(inherited)",
				);
				GCC_WARN_64_TO_32_BIT_CONVERSION = YES;
				GCC_WARN_ABOUT_RETURN_TYPE = YES_ERROR;
				GCC_WARN_UNDECLARED_SELECTOR = YES;
				GCC_WARN_UNINITIALIZED_AUTOS = YES_AGGRESSIVE;
				GCC_WARN_UNUSED_FUNCTION = YES;
				GCC_WARN_UNUSED_VARIABLE = YES;
				IPHONEOS_DEPLOYMENT_TARGET = 9.2;
				MTL_ENABLE_DEBUG_INFO = YES;
				ONLY_ACTIVE_ARCH = YES;
				SDKROOT = iphoneos;
			};
			name = Debug;
		};
		D666CD0C1C99B95200BE0E1D /* Release */ = {
			isa = XCBuildConfiguration;
			buildSettings = {
				ALWAYS_SEARCH_USER_PATHS = NO;
				CLANG_CXX_LANGUAGE_STANDARD = "gnu++0x";
				CLANG_CXX_LIBRARY = "libc++";
				CLANG_ENABLE_MODULES = YES;
				CLANG_ENABLE_OBJC_ARC = YES;
				CLANG_WARN_BOOL_CONVERSION = YES;
				CLANG_WARN_CONSTANT_CONVERSION = YES;
				CLANG_WARN_DIRECT_OBJC_ISA_USAGE = YES_ERROR;
				CLANG_WARN_EMPTY_BODY = YES;
				CLANG_WARN_ENUM_CONVERSION = YES;
				CLANG_WARN_INT_CONVERSION = YES;
				CLANG_WARN_OBJC_ROOT_CLASS = YES_ERROR;
				CLANG_WARN_UNREACHABLE_CODE = YES;
				CLANG_WARN__DUPLICATE_METHOD_MATCH = YES;
				"CODE_SIGN_IDENTITY[sdk=iphoneos*]" = "iPhone Developer";
				COPY_PHASE_STRIP = NO;
				DEBUG_INFORMATION_FORMAT = "dwarf-with-dsym";
				ENABLE_NS_ASSERTIONS = NO;
				ENABLE_STRICT_OBJC_MSGSEND = YES;
				GCC_C_LANGUAGE_STANDARD = gnu99;
				GCC_NO_COMMON_BLOCKS = YES;
				GCC_WARN_64_TO_32_BIT_CONVERSION = YES;
				GCC_WARN_ABOUT_RETURN_TYPE = YES_ERROR;
				GCC_WARN_UNDECLARED_SELECTOR = YES;
				GCC_WARN_UNINITIALIZED_AUTOS = YES_AGGRESSIVE;
				GCC_WARN_UNUSED_FUNCTION = YES;
				GCC_WARN_UNUSED_VARIABLE = YES;
				IPHONEOS_DEPLOYMENT_TARGET = 9.2;
				MTL_ENABLE_DEBUG_INFO = NO;
				SDKROOT = iphoneos;
				VALIDATE_PRODUCT = YES;
			};
			name = Release;
		};
		D666CD0E1C99B95200BE0E1D /* Debug */ = {
			isa = XCBuildConfiguration;
			buildSettings = {
				ASSETCATALOG_COMPILER_APPICON_NAME = AppIcon;
				INFOPLIST_FILE = CoreImageDemo/Info.plist;
				LD_RUNPATH_SEARCH_PATHS = "$(inherited) @executable_path/Frameworks";
				PRODUCT_BUNDLE_IDENTIFIER = com.lanou3g.CoreImageDemo;
				PRODUCT_NAME = "$(TARGET_NAME)";
			};
			name = Debug;
		};
		D666CD0F1C99B95200BE0E1D /* Release */ = {
			isa = XCBuildConfiguration;
			buildSettings = {
				ASSETCATALOG_COMPILER_APPICON_NAME = AppIcon;
				INFOPLIST_FILE = CoreImageDemo/Info.plist;
				LD_RUNPATH_SEARCH_PATHS = "$(inherited) @executable_path/Frameworks";
				PRODUCT_BUNDLE_IDENTIFIER = com.lanou3g.CoreImageDemo;
				PRODUCT_NAME = "$(TARGET_NAME)";
			};
			name = Release;
		};
/* End XCBuildConfiguration section */

/* Begin XCConfigurationList section */
		D666CCEE1C99B95200BE0E1D /* Build configuration list for PBXProject "CoreImageDemo" */ = {
			isa = XCConfigurationList;
			buildConfigurations = (
				D666CD0B1C99B95200BE0E1D /* Debug */,
				D666CD0C1C99B95200BE0E1D /* Release */,
			);
			defaultConfigurationIsVisible = 0;
			defaultConfigurationName = Release;
		};
		D666CD0D1C99B95200BE0E1D /* Build configuration list for PBXNativeTarget "CoreImageDemo" */ = {
			isa = XCConfigurationList;
			buildConfigurations = (
				D666CD0E1C99B95200BE0E1D /* Debug */,
				D666CD0F1C99B95200BE0E1D /* Release */,
			);
			defaultConfigurationIsVisible = 0;
			defaultConfigurationName = Release;
		};
/* End XCConfigurationList section */
	};
	rootObject = D666CCEB1C99B95200BE0E1D /* Project object */;
}
